# generated by rye
# use `rye lock` or `rye sync` to update this lockfile
#
# last locked with the following flags:
#   pre: false
#   features: []
#   all-features: false
#   with-sources: false

-e file:.
-e file:sdk
anyio==4.3.0
    # via dagger-io
    # via gql
    # via httpx
    # via main
attrs==23.2.0
    # via cattrs
    # via main
backoff==2.2.1
    # via gql
    # via main
beartype==0.17.2
    # via dagger-io
    # via main
cattrs==23.2.3
    # via dagger-io
    # via main
certifi==2024.2.2
    # via httpcore
    # via httpx
    # via main
gql==3.5.0
    # via dagger-io
    # via main
graphql-core==3.2.3
    # via dagger-io
    # via gql
    # via main
h11==0.14.0
    # via httpcore
    # via main
httpcore==1.0.4
    # via httpx
    # via main
httpx==0.27.0
    # via gql
    # via main
idna==3.6
    # via anyio
    # via httpx
    # via main
    # via yarl
markdown-it-py==3.0.0
    # via main
    # via rich
mdurl==0.1.2
    # via main
    # via markdown-it-py
multidict==6.0.5
    # via main
    # via yarl
platformdirs==4.2.0
    # via dagger-io
    # via main
pygments==2.17.2
    # via main
    # via rich
rich==13.7.1
    # via dagger-io
    # via main
sniffio==1.3.1
    # via anyio
    # via httpx
    # via main
typing-extensions==4.10.0
    # via dagger-io
    # via main
yarl==1.9.4
    # via gql
    # via main
